// !$*UTF8*$!
{
	archiveVersion = 1;
	classes = {
	};
	objectVersion = 56;
	objects = {

/* Begin PBXBuildFile section */
		100000000000000000000001 /* WAYPINRoadTripGameApp.swift in Sources */ = {isa = PBXBuildFile; fileRef = 200000000000000000000001 /* WAYPINRoadTripGameApp.swift */; };
		100000000000000000000002 /* TripSession.swift in Sources */ = {isa = PBXBuildFile; fileRef = 200000000000000000000002 /* TripSession.swift */; };
		100000000000000000000003 /* RoadTripChallenge.swift in Sources */ = {isa = PBXBuildFile; fileRef = 200000000000000000000003 /* RoadTripChallenge.swift */; };
		100000000000000000000004 /* PlayerRole.swift in Sources */ = {isa = PBXBuildFile; fileRef = 200000000000000000000004 /* PlayerRole.swift */; };
		100000000000000000000005 /* TripParticipant.swift in Sources */ = {isa = PBXBuildFile; fileRef = 200000000000000000000005 /* TripParticipant.swift */; };
		100000000000000000000006 /* TripSessionViewModel.swift in Sources */ = {isa = PBXBuildFile; fileRef = 200000000000000000000006 /* TripSessionViewModel.swift */; };
		100000000000000000000007 /* MockChallengeEngine.swift in Sources */ = {isa = PBXBuildFile; fileRef = 200000000000000000000007 /* MockChallengeEngine.swift */; };
		100000000000000000000008 /* MockChallenges.swift in Sources */ = {isa = PBXBuildFile; fileRef = 200000000000000000000008 /* MockChallenges.swift */; };
		100000000000000000000009 /* RootView.swift in Sources */ = {isa = PBXBuildFile; fileRef = 200000000000000000000009 /* RootView.swift */; };
		10000000000000000000000A /* CreateTripView.swift in Sources */ = {isa = PBXBuildFile; fileRef = 20000000000000000000000A /* CreateTripView.swift */; };
		10000000000000000000000B /* RoleSelectionView.swift in Sources */ = {isa = PBXBuildFile; fileRef = 20000000000000000000000B /* RoleSelectionView.swift */; };
		10000000000000000000000C /* ActiveTripDashboardView.swift in Sources */ = {isa = PBXBuildFile; fileRef = 20000000000000000000000C /* ActiveTripDashboardView.swift */; };
		10000000000000000000000D /* ChallengeListView.swift in Sources */ = {isa = PBXBuildFile; fileRef = 20000000000000000000000D /* ChallengeListView.swift */; };
		10000000000000000000000E /* PlaceholderMapView.swift in Sources */ = {isa = PBXBuildFile; fileRef = 20000000000000000000000E /* PlaceholderMapView.swift */; };
		10000000000000000000000F /* SharedTimelineView.swift in Sources */ = {isa = PBXBuildFile; fileRef = 20000000000000000000000F /* SharedTimelineView.swift */; };
		100000000000000000000011 /* TravelStyle.swift in Sources */ = {isa = PBXBuildFile; fileRef = 200000000000000000000011 /* TravelStyle.swift */; };
		100000000000000000000012 /* MockTravelStyles.swift in Sources */ = {isa = PBXBuildFile; fileRef = 200000000000000000000012 /* MockTravelStyles.swift */; };
		100000000000000000000013 /* TravelStyleCard.swift in Sources */ = {isa = PBXBuildFile; fileRef = 200000000000000000000013 /* TravelStyleCard.swift */; };
		100000000000000000000014 /* TravelStyleSelectionView.swift in Sources */ = {isa = PBXBuildFile; fileRef = 200000000000000000000014 /* TravelStyleSelectionView.swift */; };
		100000000000000000000015 /* RoleOption.swift in Sources */ = {isa = PBXBuildFile; fileRef = 200000000000000000000015 /* RoleOption.swift */; };
		100000000000000000000016 /* MockRoleOptions.swift in Sources */ = {isa = PBXBuildFile; fileRef = 200000000000000000000016 /* MockRoleOptions.swift */; };
		100000000000000000000017 /* RoleSelectionCard.swift in Sources */ = {isa = PBXBuildFile; fileRef = 200000000000000000000017 /* RoleSelectionCard.swift */; };
		100000000000000000000018 /* ChallengeBoard.swift in Sources */ = {isa = PBXBuildFile; fileRef = 200000000000000000000018 /* ChallengeBoard.swift */; };
		100000000000000000000019 /* MockChallengeBoards.swift in Sources */ = {isa = PBXBuildFile; fileRef = 200000000000000000000019 /* MockChallengeBoards.swift */; };
		10000000000000000000001A /* ChallengeBoardView.swift in Sources */ = {isa = PBXBuildFile; fileRef = 20000000000000000000001A /* ChallengeBoardView.swift */; };
		10000000000000000000001B /* ClaimableItemCard.swift in Sources */ = {isa = PBXBuildFile; fileRef = 20000000000000000000001B /* ClaimableItemCard.swift */; };
		10000000000000000000001C /* ChallengeProgressHeader.swift in Sources */ = {isa = PBXBuildFile; fileRef = 20000000000000000000001C /* ChallengeProgressHeader.swift */; };
		10000000000000000000001D /* RecentClaimsTimeline.swift in Sources */ = {isa = PBXBuildFile; fileRef = 20000000000000000000001D /* RecentClaimsTimeline.swift */; };
/* End PBXBuildFile section */

/* Begin PBXFileReference section */
		200000000000000000000001 /* WAYPINRoadTripGameApp.swift */ = {isa = PBXFileReference; lastKnownFileType = sourcecode.swift; path = WAYPINRoadTripGameApp.swift; sourceTree = "<group>"; };
		200000000000000000000002 /* TripSession.swift */ = {isa = PBXFileReference; lastKnownFileType = sourcecode.swift; path = TripSession.swift; sourceTree = "<group>"; };
		200000000000000000000003 /* RoadTripChallenge.swift */ = {isa = PBXFileReference; lastKnownFileType = sourcecode.swift; path = RoadTripChallenge.swift; sourceTree = "<group>"; };
		200000000000000000000004 /* PlayerRole.swift */ = {isa = PBXFileReference; lastKnownFileType = sourcecode.swift; path = PlayerRole.swift; sourceTree = "<group>"; };
		200000000000000000000005 /* TripParticipant.swift */ = {isa = PBXFileReference; lastKnownFileType = sourcecode.swift; path = TripParticipant.swift; sourceTree = "<group>"; };
		200000000000000000000006 /* TripSessionViewModel.swift */ = {isa = PBXFileReference; lastKnownFileType = sourcecode.swift; path = TripSessionViewModel.swift; sourceTree = "<group>"; };
		200000000000000000000007 /* MockChallengeEngine.swift */ = {isa = PBXFileReference; lastKnownFileType = sourcecode.swift; path = MockChallengeEngine.swift; sourceTree = "<group>"; };
		200000000000000000000008 /* MockChallenges.swift */ = {isa = PBXFileReference; lastKnownFileType = sourcecode.swift; path = MockChallenges.swift; sourceTree = "<group>"; };
		200000000000000000000009 /* RootView.swift */ = {isa = PBXFileReference; lastKnownFileType = sourcecode.swift; path = RootView.swift; sourceTree = "<group>"; };
		20000000000000000000000A /* CreateTripView.swift */ = {isa = PBXFileReference; lastKnownFileType = sourcecode.swift; path = CreateTripView.swift; sourceTree = "<group>"; };
		20000000000000000000000B /* RoleSelectionView.swift */ = {isa = PBXFileReference; lastKnownFileType = sourcecode.swift; path = RoleSelectionView.swift; sourceTree = "<group>"; };
		20000000000000000000000C /* ActiveTripDashboardView.swift */ = {isa = PBXFileReference; lastKnownFileType = sourcecode.swift; path = ActiveTripDashboardView.swift; sourceTree = "<group>"; };
		20000000000000000000000D /* ChallengeListView.swift */ = {isa = PBXFileReference; lastKnownFileType = sourcecode.swift; path = ChallengeListView.swift; sourceTree = "<group>"; };
		20000000000000000000000E /* PlaceholderMapView.swift */ = {isa = PBXFileReference; lastKnownFileType = sourcecode.swift; path = PlaceholderMapView.swift; sourceTree = "<group>"; };
		20000000000000000000000F /* SharedTimelineView.swift */ = {isa = PBXFileReference; lastKnownFileType = sourcecode.swift; path = SharedTimelineView.swift; sourceTree = "<group>"; };
		200000000000000000000010 /* WAYPINRoadTripGame.app */ = {isa = PBXFileReference; explicitFileType = wrapper.application; includeInIndex = 0; path = WAYPINRoadTripGame.app; sourceTree = BUILT_PRODUCTS_DIR; };
		200000000000000000000011 /* TravelStyle.swift */ = {isa = PBXFileReference; lastKnownFileType = sourcecode.swift; path = TravelStyle.swift; sourceTree = "<group>"; };
		200000000000000000000012 /* MockTravelStyles.swift */ = {isa = PBXFileReference; lastKnownFileType = sourcecode.swift; path = MockTravelStyles.swift; sourceTree = "<group>"; };
		200000000000000000000013 /* TravelStyleCard.swift */ = {isa = PBXFileReference; lastKnownFileType = sourcecode.swift; path = TravelStyleCard.swift; sourceTree = "<group>"; };
		200000000000000000000014 /* TravelStyleSelectionView.swift */ = {isa = PBXFileReference; lastKnownFileType = sourcecode.swift; path = TravelStyleSelectionView.swift; sourceTree = "<group>"; };
		200000000000000000000015 /* RoleOption.swift */ = {isa = PBXFileReference; lastKnownFileType = sourcecode.swift; path = RoleOption.swift; sourceTree = "<group>"; };
		200000000000000000000016 /* MockRoleOptions.swift */ = {isa = PBXFileReference; lastKnownFileType = sourcecode.swift; path = MockRoleOptions.swift; sourceTree = "<group>"; };
		200000000000000000000017 /* RoleSelectionCard.swift */ = {isa = PBXFileReference; lastKnownFileType = sourcecode.swift; path = RoleSelectionCard.swift; sourceTree = "<group>"; };
		200000000000000000000018 /* ChallengeBoard.swift */ = {isa = PBXFileReference; lastKnownFileType = sourcecode.swift; path = ChallengeBoard.swift; sourceTree = "<group>"; };
		200000000000000000000019 /* MockChallengeBoards.swift */ = {isa = PBXFileReference; lastKnownFileType = sourcecode.swift; path = MockChallengeBoards.swift; sourceTree = "<group>"; };
		20000000000000000000001A /* ChallengeBoardView.swift */ = {isa = PBXFileReference; lastKnownFileType = sourcecode.swift; path = ChallengeBoardView.swift; sourceTree = "<group>"; };
		20000000000000000000001B /* ClaimableItemCard.swift */ = {isa = PBXFileReference; lastKnownFileType = sourcecode.swift; path = ClaimableItemCard.swift; sourceTree = "<group>"; };
		20000000000000000000001C /* ChallengeProgressHeader.swift */ = {isa = PBXFileReference; lastKnownFileType = sourcecode.swift; path = ChallengeProgressHeader.swift; sourceTree = "<group>"; };
		20000000000000000000001D /* RecentClaimsTimeline.swift */ = {isa = PBXFileReference; lastKnownFileType = sourcecode.swift; path = RecentClaimsTimeline.swift; sourceTree = "<group>"; };
/* End PBXFileReference section */

/* Begin PBXFrameworksBuildPhase section */
		300000000000000000000001 /* Frameworks */ = {
			isa = PBXFrameworksBuildPhase;
			buildActionMask = 2147483647;
			files = (
			);
			runOnlyForDeploymentPostprocessing = 0;
		};
/* End PBXFrameworksBuildPhase section */

/* Begin PBXGroup section */
		400000000000000000000001 = {
			isa = PBXGroup;
			children = (
				400000000000000000000002 /* WAYPINRoadTripGame */,
				400000000000000000000003 /* Products */,
			);
			sourceTree = "<group>";
		};
		400000000000000000000002 /* WAYPINRoadTripGame */ = {
			isa = PBXGroup;
			children = (
				400000000000000000000004 /* App */,
				400000000000000000000005 /* Models */,
				400000000000000000000006 /* ViewModels */,
				400000000000000000000007 /* Views */,
				400000000000000000000008 /* Services */,
				400000000000000000000009 /* MockData */,
			);
			path = WAYPINRoadTripGame;
			sourceTree = "<group>";
		};
		400000000000000000000003 /* Products */ = {
			isa = PBXGroup;
			children = (
				200000000000000000000010 /* WAYPINRoadTripGame.app */,
			);
			name = Products;
			sourceTree = "<group>";
		};
		400000000000000000000004 /* App */ = {
			isa = PBXGroup;
			children = (
				200000000000000000000001 /* WAYPINRoadTripGameApp.swift */,
			);
			path = App;
			sourceTree = "<group>";
		};
		400000000000000000000005 /* Models */ = {
			isa = PBXGroup;
			children = (
				200000000000000000000002 /* TripSession.swift */,
				200000000000000000000003 /* RoadTripChallenge.swift */,
				200000000000000000000004 /* PlayerRole.swift */,
				200000000000000000000005 /* TripParticipant.swift */,
				200000000000000000000011 /* TravelStyle.swift */,
				200000000000000000000015 /* RoleOption.swift */,
				200000000000000000000018 /* ChallengeBoard.swift */,
			);
			path = Models;
			sourceTree = "<group>";
		};
		400000000000000000000006 /* ViewModels */ = {
			isa = PBXGroup;
			children = (
				200000000000000000000006 /* TripSessionViewModel.swift */,
			);
			path = ViewModels;
			sourceTree = "<group>";
		};
		400000000000000000000007 /* Views */ = {
			isa = PBXGroup;
			children = (
				200000000000000000000009 /* RootView.swift */,
				40000000000000000000000A /* Onboarding */,
				40000000000000000000000B /* Trip */,
				40000000000000000000000C /* Challenges */,
				40000000000000000000000D /* Map */,
				40000000000000000000000E /* Timeline */,
			);
			path = Views;
			sourceTree = "<group>";
		};
		400000000000000000000008 /* Services */ = {
			isa = PBXGroup;
			children = (
				40000000000000000000000F /* ChallengeEngine */,
			);
			path = Services;
			sourceTree = "<group>";
		};
		400000000000000000000009 /* MockData */ = {
			isa = PBXGroup;
			children = (
				200000000000000000000008 /* MockChallenges.swift */,
				200000000000000000000012 /* MockTravelStyles.swift */,
				200000000000000000000016 /* MockRoleOptions.swift */,
				200000000000000000000019 /* MockChallengeBoards.swift */,
			);
			path = MockData;
			sourceTree = "<group>";
		};
		40000000000000000000000A /* Onboarding */ = {
			isa = PBXGroup;
			children = (
				20000000000000000000000B /* RoleSelectionView.swift */,
				200000000000000000000017 /* RoleSelectionCard.swift */,
				200000000000000000000013 /* TravelStyleCard.swift */,
				200000000000000000000014 /* TravelStyleSelectionView.swift */,
			);
			path = Onboarding;
			sourceTree = "<group>";
		};
		40000000000000000000000B /* Trip */ = {
			isa = PBXGroup;
			children = (
				20000000000000000000000A /* CreateTripView.swift */,
				20000000000000000000000C /* ActiveTripDashboardView.swift */,
			);
			path = Trip;
			sourceTree = "<group>";
		};
		40000000000000000000000C /* Challenges */ = {
			isa = PBXGroup;
			children = (
				20000000000000000000000D /* ChallengeListView.swift */,
				20000000000000000000001A /* ChallengeBoardView.swift */,
				20000000000000000000001B /* ClaimableItemCard.swift */,
				20000000000000000000001C /* ChallengeProgressHeader.swift */,
				20000000000000000000001D /* RecentClaimsTimeline.swift */,
			);
			path = Challenges;
			sourceTree = "<group>";
		};
		40000000000000000000000D /* Map */ = {
			isa = PBXGroup;
			children = (
				20000000000000000000000E /* PlaceholderMapView.swift */,
			);
			path = Map;
			sourceTree = "<group>";
		};
		40000000000000000000000E /* Timeline */ = {
			isa = PBXGroup;
			children = (
				20000000000000000000000F /* SharedTimelineView.swift */,
			);
			path = Timeline;
			sourceTree = "<group>";
		};
		40000000000000000000000F /* ChallengeEngine */ = {
			isa = PBXGroup;
			children = (
				200000000000000000000007 /* MockChallengeEngine.swift */,
			);
			path = ChallengeEngine;
			sourceTree = "<group>";
		};
/* End PBXGroup section */

/* Begin PBXNativeTarget section */
		500000000000000000000001 /* WAYPINRoadTripGame */ = {
			isa = PBXNativeTarget;
			buildConfigurationList = 700000000000000000000003 /* Build configuration list for PBXNativeTarget "WAYPINRoadTripGame" */;
			buildPhases = (
				600000000000000000000001 /* Sources */,
				300000000000000000000001 /* Frameworks */,
				600000000000000000000002 /* Resources */,
			);
			buildRules = (
			);
			dependencies = (
			);
			name = WAYPINRoadTripGame;
			productName = WAYPINRoadTripGame;
			productReference = 200000000000000000000010 /* WAYPINRoadTripGame.app */;
			productType = "com.apple.product-type.application";
		};
/* End PBXNativeTarget section */

/* Begin PBXProject section */
		500000000000000000000002 /* Project object */ = {
			isa = PBXProject;
			attributes = {
				BuildIndependentTargetsInParallel = 1;
				LastSwiftUpdateCheck = 1600;
				LastUpgradeCheck = 2650;
				TargetAttributes = {
					500000000000000000000001 = {
						CreatedOnToolsVersion = 16.0;
					};
				};
			};
			buildConfigurationList = 700000000000000000000001 /* Build configuration list for PBXProject "WAYPINRoadTripGame" */;
			compatibilityVersion = "Xcode 14.0";
			developmentRegion = en;
			hasScannedForEncodings = 0;
			knownRegions = (
				en,
				Base,
			);
			mainGroup = 400000000000000000000001;
			productRefGroup = 400000000000000000000003 /* Products */;
			projectDirPath = "";
			projectRoot = "";
			targets = (
				500000000000000000000001 /* WAYPINRoadTripGame */,
			);
		};
/* End PBXProject section */

/* Begin PBXResourcesBuildPhase section */
		600000000000000000000002 /* Resources */ = {
			isa = PBXResourcesBuildPhase;
			buildActionMask = 2147483647;
			files = (
			);
			runOnlyForDeploymentPostprocessing = 0;
		};
/* End PBXResourcesBuildPhase section */

/* Begin PBXSourcesBuildPhase section */
		600000000000000000000001 /* Sources */ = {
			isa = PBXSourcesBuildPhase;
			buildActionMask = 2147483647;
			files = (
				100000000000000000000001 /* WAYPINRoadTripGameApp.swift in Sources */,
				100000000000000000000009 /* RootView.swift in Sources */,
				10000000000000000000000A /* CreateTripView.swift in Sources */,
				10000000000000000000000B /* RoleSelectionView.swift in Sources */,
				10000000000000000000000C /* ActiveTripDashboardView.swift in Sources */,
				10000000000000000000000D /* ChallengeListView.swift in Sources */,
				10000000000000000000000E /* PlaceholderMapView.swift in Sources */,
				10000000000000000000000F /* SharedTimelineView.swift in Sources */,
				100000000000000000000002 /* TripSession.swift in Sources */,
				100000000000000000000003 /* RoadTripChallenge.swift in Sources */,
				100000000000000000000004 /* PlayerRole.swift in Sources */,
				100000000000000000000005 /* TripParticipant.swift in Sources */,
				100000000000000000000011 /* TravelStyle.swift in Sources */,
				100000000000000000000015 /* RoleOption.swift in Sources */,
				100000000000000000000018 /* ChallengeBoard.swift in Sources */,
				100000000000000000000006 /* TripSessionViewModel.swift in Sources */,
				100000000000000000000007 /* MockChallengeEngine.swift in Sources */,
				100000000000000000000008 /* MockChallenges.swift in Sources */,
				100000000000000000000012 /* MockTravelStyles.swift in Sources */,
				100000000000000000000016 /* MockRoleOptions.swift in Sources */,
				100000000000000000000019 /* MockChallengeBoards.swift in Sources */,
				100000000000000000000017 /* RoleSelectionCard.swift in Sources */,
				100000000000000000000013 /* TravelStyleCard.swift in Sources */,
				100000000000000000000014 /* TravelStyleSelectionView.swift in Sources */,
				10000000000000000000001A /* ChallengeBoardView.swift in Sources */,
				10000000000000000000001B /* ClaimableItemCard.swift in Sources */,
				10000000000000000000001C /* ChallengeProgressHeader.swift in Sources */,
				10000000000000000000001D /* RecentClaimsTimeline.swift in Sources */,
			);
			runOnlyForDeploymentPostprocessing = 0;
		};
/* End PBXSourcesBuildPhase section */

/* Begin XCBuildConfiguration section */
		700000000000000000000004 /* Debug */ = {
			isa = XCBuildConfiguration;
			buildSettings = {
				ALWAYS_SEARCH_USER_PATHS = NO;
				CLANG_ANALYZER_NONNULL = YES;
				CLANG_ANALYZER_NUMBER_OBJECT_CONVERSION = YES_AGGRESSIVE;
				CLANG_CXX_LANGUAGE_STANDARD = "gnu++20";
				CLANG_ENABLE_MODULES = YES;
				CLANG_ENABLE_OBJC_ARC = YES;
				CLANG_ENABLE_OBJC_WEAK = YES;
				CLANG_WARN_BLOCK_CAPTURE_AUTORELEASING = YES;
				CLANG_WARN_BOOL_CONVERSION = YES;
				CLANG_WARN_COMMA = YES;
				CLANG_WARN_CONSTANT_CONVERSION = YES;
				CLANG_WARN_DEPRECATED_OBJC_IMPLEMENTATIONS = YES;
				CLANG_WARN_DIRECT_OBJC_ISA_USAGE = YES_ERROR;
				CLANG_WARN_DOCUMENTATION_COMMENTS = YES;
				CLANG_WARN_EMPTY_BODY = YES;
				CLANG_WARN_ENUM_CONVERSION = YES;
				CLANG_WARN_INFINITE_RECURSION = YES;
				CLANG_WARN_INT_CONVERSION = YES;
				CLANG_WARN_NON_LITERAL_NULL_CONVERSION = YES;
				CLANG_WARN_OBJC_IMPLICIT_RETAIN_SELF = YES;
				CLANG_WARN_OBJC_LITERAL_CONVERSION = YES;
				CLANG_WARN_OBJC_ROOT_CLASS = YES_ERROR;
				CLANG_WARN_QUOTED_INCLUDE_IN_FRAMEWORK_HEADER = YES;
				CLANG_WARN_RANGE_LOOP_ANALYSIS = YES;
				CLANG_WARN_STRICT_PROTOTYPES = YES;
				CLANG_WARN_SUSPICIOUS_MOVE = YES;
				CLANG_WARN_UNGUARDED_AVAILABILITY = YES_AGGRESSIVE;
				CLANG_WARN_UNREACHABLE_CODE = YES;
				CLANG_WARN__DUPLICATE_METHOD_MATCH = YES;
				COPY_PHASE_STRIP = NO;
				DEBUG_INFORMATION_FORMAT = dwarf;
				ENABLE_STRICT_OBJC_MSGSEND = YES;
				ENABLE_TESTABILITY = YES;
				ENABLE_USER_SCRIPT_SANDBOXING = YES;
				GCC_C_LANGUAGE_STANDARD = gnu17;
				GCC_DYNAMIC_NO_PIC = NO;
				GCC_NO_COMMON_BLOCKS = YES;
				GCC_OPTIMIZATION_LEVEL = 0;
				GCC_PREPROCESSOR_DEFINITIONS = (
					"DEBUG=1",
					"$(inherited)",
				);
				GCC_WARN_64_TO_32_BIT_CONVERSION = YES;
				GCC_WARN_ABOUT_RETURN_TYPE = YES_ERROR;
				GCC_WARN_UNDECLARED_SELECTOR = YES;
				GCC_WARN_UNINITIALIZED_AUTOS = YES_AGGRESSIVE;
				GCC_WARN_UNUSED_FUNCTION = YES;
				GCC_WARN_UNUSED_VARIABLE = YES;
				IPHONEOS_DEPLOYMENT_TARGET = 16.0;
				MTL_ENABLE_DEBUG_INFO = INCLUDE_SOURCE;
				MTL_FAST_MATH = YES;
				ONLY_ACTIVE_ARCH = YES;
				SDKROOT = iphoneos;
				STRING_CATALOG_GENERATE_SYMBOLS = YES;
				SWIFT_ACTIVE_COMPILATION_CONDITIONS = DEBUG;
				SWIFT_OPTIMIZATION_LEVEL = "-Onone";
			};
			name = Debug;
		};
		700000000000000000000005 /* Release */ = {
			isa = XCBuildConfiguration;
			buildSettings = {
				ALWAYS_SEARCH_USER_PATHS = NO;
				CLANG_ANALYZER_NONNULL = YES;
				CLANG_ANALYZER_NUMBER_OBJECT_CONVERSION = YES_AGGRESSIVE;
				CLANG_CXX_LANGUAGE_STANDARD = "gnu++20";
				CLANG_ENABLE_MODULES = YES;
				CLANG_ENABLE_OBJC_ARC = YES;
				CLANG_ENABLE_OBJC_WEAK = YES;
				CLANG_WARN_BLOCK_CAPTURE_AUTORELEASING = YES;
				CLANG_WARN_BOOL_CONVERSION = YES;
				CLANG_WARN_COMMA = YES;
				CLANG_WARN_CONSTANT_CONVERSION = YES;
				CLANG_WARN_DEPRECATED_OBJC_IMPLEMENTATIONS = YES;
				CLANG_WARN_DIRECT_OBJC_ISA_USAGE = YES_ERROR;
				CLANG_WARN_DOCUMENTATION_COMMENTS = YES;
				CLANG_WARN_EMPTY_BODY = YES;
				CLANG_WARN_ENUM_CONVERSION = YES;
				CLANG_WARN_INFINITE_RECURSION = YES;
				CLANG_WARN_INT_CONVERSION = YES;
				CLANG_WARN_NON_LITERAL_NULL_CONVERSION = YES;
				CLANG_WARN_OBJC_IMPLICIT_RETAIN_SELF = YES;
				CLANG_WARN_OBJC_LITERAL_CONVERSION = YES;
				CLANG_WARN_OBJC_ROOT_CLASS = YES_ERROR;
				CLANG_WARN_QUOTED_INCLUDE_IN_FRAMEWORK_HEADER = YES;
				CLANG_WARN_RANGE_LOOP_ANALYSIS = YES;
				CLANG_WARN_STRICT_PROTOTYPES = YES;
				CLANG_WARN_SUSPICIOUS_MOVE = YES;
				CLANG_WARN_UNGUARDED_AVAILABILITY = YES_AGGRESSIVE;
				CLANG_WARN_UNREACHABLE_CODE = YES;
				CLANG_WARN__DUPLICATE_METHOD_MATCH = YES;
				COPY_PHASE_STRIP = NO;
				DEBUG_INFORMATION_FORMAT = "dwarf-with-dsym";
				ENABLE_NS_ASSERTIONS = NO;
				ENABLE_STRICT_OBJC_MSGSEND = YES;
				ENABLE_USER_SCRIPT_SANDBOXING = YES;
				GCC_C_LANGUAGE_STANDARD = gnu17;
				GCC_NO_COMMON_BLOCKS = YES;
				GCC_WARN_64_TO_32_BIT_CONVERSION = YES;
				GCC_WARN_ABOUT_RETURN_TYPE = YES_ERROR;
				GCC_WARN_UNDECLARED_SELECTOR = YES;
				GCC_WARN_UNINITIALIZED_AUTOS = YES_AGGRESSIVE;
				GCC_WARN_UNUSED_FUNCTION = YES;
				GCC_WARN_UNUSED_VARIABLE = YES;
				IPHONEOS_DEPLOYMENT_TARGET = 16.0;
				MTL_ENABLE_DEBUG_INFO = NO;
				MTL_FAST_MATH = YES;
				SDKROOT = iphoneos;
				STRING_CATALOG_GENERATE_SYMBOLS = YES;
				SWIFT_COMPILATION_MODE = wholemodule;
				SWIFT_OPTIMIZATION_LEVEL = "-O";
				VALIDATE_PRODUCT = YES;
			};
			name = Release;
		};
		700000000000000000000006 /* Debug */ = {
			isa = XCBuildConfiguration;
			buildSettings = {
				ASSETCATALOG_COMPILER_APPICON_NAME = "";
				CODE_SIGN_STYLE = Automatic;
				CURRENT_PROJECT_VERSION = 1;
				DEVELOPMENT_ASSET_PATHS = "";
				DEVELOPMENT_TEAM = "";
				GENERATE_INFOPLIST_FILE = YES;
				INFOPLIST_KEY_CFBundleDisplayName = "WAYPIN Road Trip";
				INFOPLIST_KEY_UIApplicationSceneManifest_Generation = YES;
				INFOPLIST_KEY_UIApplicationSupportsIndirectInputEvents = YES;
				INFOPLIST_KEY_UILaunchScreen_Generation = YES;
				INFOPLIST_KEY_UISupportedInterfaceOrientations_iPad = "UIInterfaceOrientationPortrait UIInterfaceOrientationPortraitUpsideDown UIInterfaceOrientationLandscapeLeft UIInterfaceOrientationLandscapeRight";
				INFOPLIST_KEY_UISupportedInterfaceOrientations_iPhone = "UIInterfaceOrientationPortrait UIInterfaceOrientationLandscapeLeft UIInterfaceOrientationLandscapeRight";
				IPHONEOS_DEPLOYMENT_TARGET = 16.0;
				LD_RUNPATH_SEARCH_PATHS = (
					"$(inherited)",
					"@executable_path/Frameworks",
				);
				MARKETING_VERSION = 1.0;
				PRODUCT_BUNDLE_IDENTIFIER = com.waypin.roadtripgame;
				PRODUCT_NAME = "$(TARGET_NAME)";
				SWIFT_EMIT_LOC_STRINGS = YES;
				SWIFT_VERSION = 5.0;
				TARGETED_DEVICE_FAMILY = "1,2";
			};
			name = Debug;
		};
		700000000000000000000007 /* Release */ = {
			isa = XCBuildConfiguration;
			buildSettings = {
				ASSETCATALOG_COMPILER_APPICON_NAME = "";
				CODE_SIGN_STYLE = Automatic;
				CURRENT_PROJECT_VERSION = 1;
				DEVELOPMENT_ASSET_PATHS = "";
				DEVELOPMENT_TEAM = "";
				GENERATE_INFOPLIST_FILE = YES;
				INFOPLIST_KEY_CFBundleDisplayName = "WAYPIN Road Trip";
				INFOPLIST_KEY_UIApplicationSceneManifest_Generation = YES;
				INFOPLIST_KEY_UIApplicationSupportsIndirectInputEvents = YES;
				INFOPLIST_KEY_UILaunchScreen_Generation = YES;
				INFOPLIST_KEY_UISupportedInterfaceOrientations_iPad = "UIInterfaceOrientationPortrait UIInterfaceOrientationPortraitUpsideDown UIInterfaceOrientationLandscapeLeft UIInterfaceOrientationLandscapeRight";
				INFOPLIST_KEY_UISupportedInterfaceOrientations_iPhone = "UIInterfaceOrientationPortrait UIInterfaceOrientationLandscapeLeft UIInterfaceOrientationLandscapeRight";
				IPHONEOS_DEPLOYMENT_TARGET = 16.0;
				LD_RUNPATH_SEARCH_PATHS = (
					"$(inherited)",
					"@executable_path/Frameworks",
				);
				MARKETING_VERSION = 1.0;
				PRODUCT_BUNDLE_IDENTIFIER = com.waypin.roadtripgame;
				PRODUCT_NAME = "$(TARGET_NAME)";
				SWIFT_EMIT_LOC_STRINGS = YES;
				SWIFT_VERSION = 5.0;
				TARGETED_DEVICE_FAMILY = "1,2";
			};
			name = Release;
		};
/* End XCBuildConfiguration section */

/* Begin XCConfigurationList section */
		700000000000000000000001 /* Build configuration list for PBXProject "WAYPINRoadTripGame" */ = {
			isa = XCConfigurationList;
			buildConfigurations = (
				700000000000000000000004 /* Debug */,
				700000000000000000000005 /* Release */,
			);
			defaultConfigurationIsVisible = 0;
			defaultConfigurationName = Release;
		};
		700000000000000000000003 /* Build configuration list for PBXNativeTarget "WAYPINRoadTripGame" */ = {
			isa = XCConfigurationList;
			buildConfigurations = (
				700000000000000000000006 /* Debug */,
				700000000000000000000007 /* Release */,
			);
			defaultConfigurationIsVisible = 0;
			defaultConfigurationName = Release;
		};
/* End XCConfigurationList section */
	};
	rootObject = 500000000000000000000002 /* Project object */;
}
